
Microsoft Visual Studio Solution File, Format Version 12.00
# Visual Studio Version 17
VisualStudioVersion = 17.4.33403.182
MinimumVisualStudioVersion = 10.0.40219.1
Project("{FAE04EC0-301F-11D3-BF4B-00C04F79EFBC}") = "DBPROGM_Finals1", "DBPROGM_Finals1\DBPROGM_Finals1.csproj", "{A032DEEB-4D54-4EC5-A6F9-1FA293100772}"
EndProject
Global
	GlobalSection(SolutionConfigurationPlatforms) = preSolution
		Debug|Any CPU = Debug|Any CPU
		Release|Any CPU = Release|Any CPU
	EndGlobalSection
	GlobalSection(ProjectConfigurationPlatforms) = postSolution
		{A032DEEB-4D54-4EC5-A6F9-1FA293100772}.Debug|Any CPU.ActiveCfg = Debug|Any CPU
		{A032DEEB-4D54-4EC5-A6F9-1FA293100772}.Debug|Any CPU.Build.0 = Debug|Any CPU
		{A032DEEB-4D54-4EC5-A6F9-1FA293100772}.Release|Any CPU.ActiveCfg = Release|Any CPU
		{A032DEEB-4D54-4EC5-A6F9-1FA293100772}.Release|Any CPU.Build.0 = Release|Any CPU
	EndGlobalSection
	GlobalSection(SolutionProperties) = preSolution
		HideSolutionNode = FALSE
	EndGlobalSection
	GlobalSection(ExtensibilityGlobals) = postSolution
		SolutionGuid = {0D80920C-8490-4852-861E-1569FDEBA289}
	EndGlobalSection
EndGlobal
